// !$*UTF8*$!
{
	archiveVersion = 1;
	classes = {
	};
	objectVersion = 56;
	objects = {

/* Begin PBXBuildFile section */
		E30F825C2BEBBCA9004C3E03 /* MessageListVC.swift in Sources */ = {isa = PBXBuildFile; fileRef = E30F825A2BEBBCA9004C3E03 /* MessageListVC.swift */; };
		E30F825D2BEBBCA9004C3E03 /* MessageListVC.xib in Resources */ = {isa = PBXBuildFile; fileRef = E30F825B2BEBBCA9004C3E03 /* MessageListVC.xib */; };
		E3571D242BA724A20092F249 /* AppDelegate.swift in Sources */ = {isa = PBXBuildFile; fileRef = E3571D232BA724A20092F249 /* AppDelegate.swift */; };
		E3571D262BA724A20092F249 /* SceneDelegate.swift in Sources */ = {isa = PBXBuildFile; fileRef = E3571D252BA724A20092F249 /* SceneDelegate.swift */; };
		E3571D2D2BA724A40092F249 /* Assets.xcassets in Resources */ = {isa = PBXBuildFile; fileRef = E3571D2C2BA724A40092F249 /* Assets.xcassets */; };
		E3571D302BA724A40092F249 /* LaunchScreen.storyboard in Resources */ = {isa = PBXBuildFile; fileRef = E3571D2E2BA724A40092F249 /* LaunchScreen.storyboard */; };
		E3571D3D2BA725430092F249 /* AuthVC.swift in Sources */ = {isa = PBXBuildFile; fileRef = E3571D3B2BA725430092F249 /* AuthVC.swift */; };
		E3571D3E2BA725430092F249 /* AuthVC.xib in Resources */ = {isa = PBXBuildFile; fileRef = E3571D3C2BA725430092F249 /* AuthVC.xib */; };
		E3722AC62C00D785005F8AD1 /* FirestoreManager.swift in Sources */ = {isa = PBXBuildFile; fileRef = E3722AC52C00D785005F8AD1 /* FirestoreManager.swift */; };
		E3722ACA2C00DD40005F8AD1 /* MessageModel.swift in Sources */ = {isa = PBXBuildFile; fileRef = E3722AC92C00DD40005F8AD1 /* MessageModel.swift */; };
		E3722ACD2C00DECF005F8AD1 /* MessageKit in Frameworks */ = {isa = PBXBuildFile; productRef = E3722ACC2C00DECF005F8AD1 /* MessageKit */; };
		E3722AD02C00DF4C005F8AD1 /* ChatVC.swift in Sources */ = {isa = PBXBuildFile; fileRef = E3722ACE2C00DF4C005F8AD1 /* ChatVC.swift */; };
		E3722AD12C00DF4C005F8AD1 /* ChatVC.xib in Resources */ = {isa = PBXBuildFile; fileRef = E3722ACF2C00DF4C005F8AD1 /* ChatVC.xib */; };
		E39379892BE2A02700B0FFFE /* FirebaseAnalytics in Frameworks */ = {isa = PBXBuildFile; productRef = E39379882BE2A02700B0FFFE /* FirebaseAnalytics */; };
		E393798B2BE2A02700B0FFFE /* FirebaseAnalyticsSwift in Frameworks */ = {isa = PBXBuildFile; productRef = E393798A2BE2A02700B0FFFE /* FirebaseAnalyticsSwift */; };
		E393798D2BE2A02700B0FFFE /* FirebaseAuth in Frameworks */ = {isa = PBXBuildFile; productRef = E393798C2BE2A02700B0FFFE /* FirebaseAuth */; };
		E393798F2BE2A02700B0FFFE /* FirebaseDatabase in Frameworks */ = {isa = PBXBuildFile; productRef = E393798E2BE2A02700B0FFFE /* FirebaseDatabase */; };
		E39379912BE2A02700B0FFFE /* FirebaseFirestore in Frameworks */ = {isa = PBXBuildFile; productRef = E39379902BE2A02700B0FFFE /* FirebaseFirestore */; };
		E39379932BE2A02700B0FFFE /* FirebaseInAppMessagingSwift-Beta in Frameworks */ = {isa = PBXBuildFile; productRef = E39379922BE2A02700B0FFFE /* FirebaseInAppMessagingSwift-Beta */; };
		E39379952BE2A02700B0FFFE /* FirebaseMessaging in Frameworks */ = {isa = PBXBuildFile; productRef = E39379942BE2A02700B0FFFE /* FirebaseMessaging */; };
		E39379972BE2A02700B0FFFE /* FirebaseStorage in Frameworks */ = {isa = PBXBuildFile; productRef = E39379962BE2A02700B0FFFE /* FirebaseStorage */; };
		E393799A2BE2A2DC00B0FFFE /* CompleteProfileVC.swift in Sources */ = {isa = PBXBuildFile; fileRef = E39379982BE2A2DC00B0FFFE /* CompleteProfileVC.swift */; };
		E393799B2BE2A2DC00B0FFFE /* CompleteProfileVC.xib in Resources */ = {isa = PBXBuildFile; fileRef = E39379992BE2A2DC00B0FFFE /* CompleteProfileVC.xib */; };
		E3A9CF512BDA6D7E004D99CF /* CustomTabBarController.swift in Sources */ = {isa = PBXBuildFile; fileRef = E3A9CF502BDA6D7E004D99CF /* CustomTabBarController.swift */; };
		E3B64F652BCBCC7C00E2FC7D /* RealtimeDatabaseManager.swift in Sources */ = {isa = PBXBuildFile; fileRef = E3B64F642BCBCC7C00E2FC7D /* RealtimeDatabaseManager.swift */; };
		E3B64F672BCBCD0A00E2FC7D /* UserModel.swift in Sources */ = {isa = PBXBuildFile; fileRef = E3B64F662BCBCD0A00E2FC7D /* UserModel.swift */; };
		E3CA1B702BBB3CD300602676 /* AuthManager.swift in Sources */ = {isa = PBXBuildFile; fileRef = E3CA1B6F2BBB3CD300602676 /* AuthManager.swift */; };
		E3D754E52BB9E6D5008E8E80 /* MainVC.swift in Sources */ = {isa = PBXBuildFile; fileRef = E3D754E32BB9E6D5008E8E80 /* MainVC.swift */; };
		E3D754E62BB9E6D5008E8E80 /* MainVC.xib in Resources */ = {isa = PBXBuildFile; fileRef = E3D754E42BB9E6D5008E8E80 /* MainVC.xib */; };
		E3F501E82BB052C500FAF677 /* GoogleService-Info.plist in Resources */ = {isa = PBXBuildFile; fileRef = E3F501E72BB052C500FAF677 /* GoogleService-Info.plist */; };
		E3FF27F92BB5A8C000B04564 /* MessageVC.swift in Sources */ = {isa = PBXBuildFile; fileRef = E3FF27F72BB5A8C000B04564 /* MessageVC.swift */; };
		E3FF27FA2BB5A8C000B04564 /* MessageVC.xib in Resources */ = {isa = PBXBuildFile; fileRef = E3FF27F82BB5A8C000B04564 /* MessageVC.xib */; };
/* End PBXBuildFile section */

/* Begin PBXFileReference section */
		E30F825A2BEBBCA9004C3E03 /* MessageListVC.swift */ = {isa = PBXFileReference; lastKnownFileType = sourcecode.swift; path = MessageListVC.swift; sourceTree = "<group>"; };
		E30F825B2BEBBCA9004C3E03 /* MessageListVC.xib */ = {isa = PBXFileReference; lastKnownFileType = file.xib; path = MessageListVC.xib; sourceTree = "<group>"; };
		E3571D202BA724A20092F249 /* LiveChat.app */ = {isa = PBXFileReference; explicitFileType = wrapper.application; includeInIndex = 0; path = LiveChat.app; sourceTree = BUILT_PRODUCTS_DIR; };
		E3571D232BA724A20092F249 /* AppDelegate.swift */ = {isa = PBXFileReference; lastKnownFileType = sourcecode.swift; path = AppDelegate.swift; sourceTree = "<group>"; };
		E3571D252BA724A20092F249 /* SceneDelegate.swift */ = {isa = PBXFileReference; lastKnownFileType = sourcecode.swift; path = SceneDelegate.swift; sourceTree = "<group>"; };
		E3571D2C2BA724A40092F249 /* Assets.xcassets */ = {isa = PBXFileReference; lastKnownFileType = folder.assetcatalog; path = Assets.xcassets; sourceTree = "<group>"; };
		E3571D2F2BA724A40092F249 /* Base */ = {isa = PBXFileReference; lastKnownFileType = file.storyboard; name = Base; path = Base.lproj/LaunchScreen.storyboard; sourceTree = "<group>"; };
		E3571D312BA724A40092F249 /* Info.plist */ = {isa = PBXFileReference; lastKnownFileType = text.plist.xml; path = Info.plist; sourceTree = "<group>"; };
		E3571D3B2BA725430092F249 /* AuthVC.swift */ = {isa = PBXFileReference; lastKnownFileType = sourcecode.swift; path = AuthVC.swift; sourceTree = "<group>"; };
		E3571D3C2BA725430092F249 /* AuthVC.xib */ = {isa = PBXFileReference; lastKnownFileType = file.xib; path = AuthVC.xib; sourceTree = "<group>"; };
		E3722AC52C00D785005F8AD1 /* FirestoreManager.swift */ = {isa = PBXFileReference; lastKnownFileType = sourcecode.swift; path = FirestoreManager.swift; sourceTree = "<group>"; };
		E3722AC92C00DD40005F8AD1 /* MessageModel.swift */ = {isa = PBXFileReference; lastKnownFileType = sourcecode.swift; path = MessageModel.swift; sourceTree = "<group>"; };
		E3722ACE2C00DF4C005F8AD1 /* ChatVC.swift */ = {isa = PBXFileReference; lastKnownFileType = sourcecode.swift; path = ChatVC.swift; sourceTree = "<group>"; };
		E3722ACF2C00DF4C005F8AD1 /* ChatVC.xib */ = {isa = PBXFileReference; lastKnownFileType = file.xib; path = ChatVC.xib; sourceTree = "<group>"; };
		E39379982BE2A2DC00B0FFFE /* CompleteProfileVC.swift */ = {isa = PBXFileReference; lastKnownFileType = sourcecode.swift; path = CompleteProfileVC.swift; sourceTree = "<group>"; };
		E39379992BE2A2DC00B0FFFE /* CompleteProfileVC.xib */ = {isa = PBXFileReference; lastKnownFileType = file.xib; path = CompleteProfileVC.xib; sourceTree = "<group>"; };
		E3A9CF502BDA6D7E004D99CF /* CustomTabBarController.swift */ = {isa = PBXFileReference; lastKnownFileType = sourcecode.swift; path = CustomTabBarController.swift; sourceTree = "<group>"; };
		E3B64F642BCBCC7C00E2FC7D /* RealtimeDatabaseManager.swift */ = {isa = PBXFileReference; lastKnownFileType = sourcecode.swift; path = RealtimeDatabaseManager.swift; sourceTree = "<group>"; };
		E3B64F662BCBCD0A00E2FC7D /* UserModel.swift */ = {isa = PBXFileReference; lastKnownFileType = sourcecode.swift; path = UserModel.swift; sourceTree = "<group>"; };
		E3CA1B6F2BBB3CD300602676 /* AuthManager.swift */ = {isa = PBXFileReference; lastKnownFileType = sourcecode.swift; path = AuthManager.swift; sourceTree = "<group>"; };
		E3D754E32BB9E6D5008E8E80 /* MainVC.swift */ = {isa = PBXFileReference; lastKnownFileType = sourcecode.swift; path = MainVC.swift; sourceTree = "<group>"; };
		E3D754E42BB9E6D5008E8E80 /* MainVC.xib */ = {isa = PBXFileReference; lastKnownFileType = file.xib; path = MainVC.xib; sourceTree = "<group>"; };
		E3F501E72BB052C500FAF677 /* GoogleService-Info.plist */ = {isa = PBXFileReference; fileEncoding = 4; lastKnownFileType = text.plist.xml; path = "GoogleService-Info.plist"; sourceTree = "<group>"; };
		E3FF27F72BB5A8C000B04564 /* MessageVC.swift */ = {isa = PBXFileReference; lastKnownFileType = sourcecode.swift; path = MessageVC.swift; sourceTree = "<group>"; };
		E3FF27F82BB5A8C000B04564 /* MessageVC.xib */ = {isa = PBXFileReference; lastKnownFileType = file.xib; path = MessageVC.xib; sourceTree = "<group>"; };
/* End PBXFileReference section */

/* Begin PBXFrameworksBuildPhase section */
		E3571D1D2BA724A20092F249 /* Frameworks */ = {
			isa = PBXFrameworksBuildPhase;
			buildActionMask = 2147483647;
			files = (
				E393798B2BE2A02700B0FFFE /* FirebaseAnalyticsSwift in Frameworks */,
				E393798D2BE2A02700B0FFFE /* FirebaseAuth in Frameworks */,
				E39379952BE2A02700B0FFFE /* FirebaseMessaging in Frameworks */,
				E3722ACD2C00DECF005F8AD1 /* MessageKit in Frameworks */,
				E393798F2BE2A02700B0FFFE /* FirebaseDatabase in Frameworks */,
				E39379912BE2A02700B0FFFE /* FirebaseFirestore in Frameworks */,
				E39379972BE2A02700B0FFFE /* FirebaseStorage in Frameworks */,
				E39379932BE2A02700B0FFFE /* FirebaseInAppMessagingSwift-Beta in Frameworks */,
				E39379892BE2A02700B0FFFE /* FirebaseAnalytics in Frameworks */,
			);
			runOnlyForDeploymentPostprocessing = 0;
		};
/* End PBXFrameworksBuildPhase section */

/* Begin PBXGroup section */
		E30F82532BEBBB3A004C3E03 /* MessageList */ = {
			isa = PBXGroup;
			children = (
				E30F825A2BEBBCA9004C3E03 /* MessageListVC.swift */,
				E30F825B2BEBBCA9004C3E03 /* MessageListVC.xib */,
			);
			path = MessageList;
			sourceTree = "<group>";
		};
		E3571D172BA724A20092F249 = {
			isa = PBXGroup;
			children = (
				E3571D222BA724A20092F249 /* LiveChat */,
				E3571D212BA724A20092F249 /* Products */,
			);
			sourceTree = "<group>";
		};
		E3571D212BA724A20092F249 /* Products */ = {
			isa = PBXGroup;
			children = (
				E3571D202BA724A20092F249 /* LiveChat.app */,
			);
			name = Products;
			sourceTree = "<group>";
		};
		E3571D222BA724A20092F249 /* LiveChat */ = {
			isa = PBXGroup;
			children = (
				E3F501E72BB052C500FAF677 /* GoogleService-Info.plist */,
				E3571D372BA724DE0092F249 /* Delegates */,
				E3571D382BA724EC0092F249 /* Resources */,
				E3571D392BA724F70092F249 /* Storyboards */,
				E3571D3A2BA724FF0092F249 /* Supports */,
				E3571D3F2BA7254D0092F249 /* Modules */,
				E3CA1B6F2BBB3CD300602676 /* AuthManager.swift */,
				E3B64F642BCBCC7C00E2FC7D /* RealtimeDatabaseManager.swift */,
				E3722AC52C00D785005F8AD1 /* FirestoreManager.swift */,
				E3B64F662BCBCD0A00E2FC7D /* UserModel.swift */,
				E3722AC92C00DD40005F8AD1 /* MessageModel.swift */,
			);
			path = LiveChat;
			sourceTree = "<group>";
		};
		E3571D372BA724DE0092F249 /* Delegates */ = {
			isa = PBXGroup;
			children = (
				E3571D232BA724A20092F249 /* AppDelegate.swift */,
				E3571D252BA724A20092F249 /* SceneDelegate.swift */,
			);
			path = Delegates;
			sourceTree = "<group>";
		};
		E3571D382BA724EC0092F249 /* Resources */ = {
			isa = PBXGroup;
			children = (
				E3571D2C2BA724A40092F249 /* Assets.xcassets */,
			);
			path = Resources;
			sourceTree = "<group>";
		};
		E3571D392BA724F70092F249 /* Storyboards */ = {
			isa = PBXGroup;
			children = (
				E3571D2E2BA724A40092F249 /* LaunchScreen.storyboard */,
			);
			path = Storyboards;
			sourceTree = "<group>";
		};
		E3571D3A2BA724FF0092F249 /* Supports */ = {
			isa = PBXGroup;
			children = (
				E3571D312BA724A40092F249 /* Info.plist */,
			);
			path = Supports;
			sourceTree = "<group>";
		};
		E3571D3F2BA7254D0092F249 /* Modules */ = {
			isa = PBXGroup;
			children = (
				E30F82532BEBBB3A004C3E03 /* MessageList */,
				E3571D402BA725530092F249 /* Auth */,
				E3FF27FB2BB5A8D900B04564 /* Message */,
				E3D754E72BB9E6D9008E8E80 /* Main */,
				E3A9CF502BDA6D7E004D99CF /* CustomTabBarController.swift */,
				E393799C2BE2A2E400B0FFFE /* CompleteProfile */,
				E3722ACE2C00DF4C005F8AD1 /* ChatVC.swift */,
				E3722ACF2C00DF4C005F8AD1 /* ChatVC.xib */,
			);
			path = Modules;
			sourceTree = "<group>";
		};
		E3571D402BA725530092F249 /* Auth */ = {
			isa = PBXGroup;
			children = (
				E3571D412BA7255A0092F249 /* Controller */,
			);
			path = Auth;
			sourceTree = "<group>";
		};
		E3571D412BA7255A0092F249 /* Controller */ = {
			isa = PBXGroup;
			children = (
				E3571D3B2BA725430092F249 /* AuthVC.swift */,
				E3571D3C2BA725430092F249 /* AuthVC.xib */,
			);
			path = Controller;
			sourceTree = "<group>";
		};
		E393799C2BE2A2E400B0FFFE /* CompleteProfile */ = {
			isa = PBXGroup;
			children = (
				E393799D2BE2A2F700B0FFFE /* Controller */,
			);
			path = CompleteProfile;
			sourceTree = "<group>";
		};
		E393799D2BE2A2F700B0FFFE /* Controller */ = {
			isa = PBXGroup;
			children = (
				E39379982BE2A2DC00B0FFFE /* CompleteProfileVC.swift */,
				E39379992BE2A2DC00B0FFFE /* CompleteProfileVC.xib */,
			);
			path = Controller;
			sourceTree = "<group>";
		};
		E3D754E72BB9E6D9008E8E80 /* Main */ = {
			isa = PBXGroup;
			children = (
				E3D754E32BB9E6D5008E8E80 /* MainVC.swift */,
				E3D754E42BB9E6D5008E8E80 /* MainVC.xib */,
			);
			path = Main;
			sourceTree = "<group>";
		};
		E3FF27FB2BB5A8D900B04564 /* Message */ = {
			isa = PBXGroup;
			children = (
				E3FF27F72BB5A8C000B04564 /* MessageVC.swift */,
				E3FF27F82BB5A8C000B04564 /* MessageVC.xib */,
			);
			path = Message;
			sourceTree = "<group>";
		};
/* End PBXGroup section */

/* Begin PBXNativeTarget section */
		E3571D1F2BA724A20092F249 /* LiveChat */ = {
			isa = PBXNativeTarget;
			buildConfigurationList = E3571D342BA724A40092F249 /* Build configuration list for PBXNativeTarget "LiveChat" */;
			buildPhases = (
				E3571D1C2BA724A20092F249 /* Sources */,
				E3571D1D2BA724A20092F249 /* Frameworks */,
				E3571D1E2BA724A20092F249 /* Resources */,
			);
			buildRules = (
			);
			dependencies = (
			);
			name = LiveChat;
			packageProductDependencies = (
				E39379882BE2A02700B0FFFE /* FirebaseAnalytics */,
				E393798A2BE2A02700B0FFFE /* FirebaseAnalyticsSwift */,
				E393798C2BE2A02700B0FFFE /* FirebaseAuth */,
				E393798E2BE2A02700B0FFFE /* FirebaseDatabase */,
				E39379902BE2A02700B0FFFE /* FirebaseFirestore */,
				E39379922BE2A02700B0FFFE /* FirebaseInAppMessagingSwift-Beta */,
				E39379942BE2A02700B0FFFE /* FirebaseMessaging */,
				E39379962BE2A02700B0FFFE /* FirebaseStorage */,
				E3722ACC2C00DECF005F8AD1 /* MessageKit */,
			);
			productName = LiveChat;
			productReference = E3571D202BA724A20092F249 /* LiveChat.app */;
			productType = "com.apple.product-type.application";
		};
/* End PBXNativeTarget section */

/* Begin PBXProject section */
		E3571D182BA724A20092F249 /* Project object */ = {
			isa = PBXProject;
			attributes = {
				BuildIndependentTargetsInParallel = 1;
				LastSwiftUpdateCheck = 1510;
				LastUpgradeCheck = 1510;
				TargetAttributes = {
					E3571D1F2BA724A20092F249 = {
						CreatedOnToolsVersion = 15.1;
					};
				};
			};
			buildConfigurationList = E3571D1B2BA724A20092F249 /* Build configuration list for PBXProject "LiveChat" */;
			compatibilityVersion = "Xcode 14.0";
			developmentRegion = en;
			hasScannedForEncodings = 0;
			knownRegions = (
				en,
				Base,
			);
			mainGroup = E3571D172BA724A20092F249;
			packageReferences = (
				E39379872BE2A02700B0FFFE /* XCRemoteSwiftPackageReference "firebase-ios-sdk" */,
				E3722ACB2C00DECF005F8AD1 /* XCRemoteSwiftPackageReference "MessageKit" */,
			);
			productRefGroup = E3571D212BA724A20092F249 /* Products */;
			projectDirPath = "";
			projectRoot = "";
			targets = (
				E3571D1F2BA724A20092F249 /* LiveChat */,
			);
		};
/* End PBXProject section */

/* Begin PBXResourcesBuildPhase section */
		E3571D1E2BA724A20092F249 /* Resources */ = {
			isa = PBXResourcesBuildPhase;
			buildActionMask = 2147483647;
			files = (
				E3F501E82BB052C500FAF677 /* GoogleService-Info.plist in Resources */,
				E3571D302BA724A40092F249 /* LaunchScreen.storyboard in Resources */,
				E3571D2D2BA724A40092F249 /* Assets.xcassets in Resources */,
				E393799B2BE2A2DC00B0FFFE /* CompleteProfileVC.xib in Resources */,
				E3722AD12C00DF4C005F8AD1 /* ChatVC.xib in Resources */,
				E30F825D2BEBBCA9004C3E03 /* MessageListVC.xib in Resources */,
				E3D754E62BB9E6D5008E8E80 /* MainVC.xib in Resources */,
				E3FF27FA2BB5A8C000B04564 /* MessageVC.xib in Resources */,
				E3571D3E2BA725430092F249 /* AuthVC.xib in Resources */,
			);
			runOnlyForDeploymentPostprocessing = 0;
		};
/* End PBXResourcesBuildPhase section */

/* Begin PBXSourcesBuildPhase section */
		E3571D1C2BA724A20092F249 /* Sources */ = {
			isa = PBXSourcesBuildPhase;
			buildActionMask = 2147483647;
			files = (
				E3571D3D2BA725430092F249 /* AuthVC.swift in Sources */,
				E3CA1B702BBB3CD300602676 /* AuthManager.swift in Sources */,
				E3B64F672BCBCD0A00E2FC7D /* UserModel.swift in Sources */,
				E393799A2BE2A2DC00B0FFFE /* CompleteProfileVC.swift in Sources */,
				E30F825C2BEBBCA9004C3E03 /* MessageListVC.swift in Sources */,
				E3B64F652BCBCC7C00E2FC7D /* RealtimeDatabaseManager.swift in Sources */,
				E3722ACA2C00DD40005F8AD1 /* MessageModel.swift in Sources */,
				E3D754E52BB9E6D5008E8E80 /* MainVC.swift in Sources */,
				E3722AD02C00DF4C005F8AD1 /* ChatVC.swift in Sources */,
				E3722AC62C00D785005F8AD1 /* FirestoreManager.swift in Sources */,
				E3FF27F92BB5A8C000B04564 /* MessageVC.swift in Sources */,
				E3571D242BA724A20092F249 /* AppDelegate.swift in Sources */,
				E3571D262BA724A20092F249 /* SceneDelegate.swift in Sources */,
				E3A9CF512BDA6D7E004D99CF /* CustomTabBarController.swift in Sources */,
			);
			runOnlyForDeploymentPostprocessing = 0;
		};
/* End PBXSourcesBuildPhase section */

/* Begin PBXVariantGroup section */
		E3571D2E2BA724A40092F249 /* LaunchScreen.storyboard */ = {
			isa = PBXVariantGroup;
			children = (
				E3571D2F2BA724A40092F249 /* Base */,
			);
			name = LaunchScreen.storyboard;
			sourceTree = "<group>";
		};
/* End PBXVariantGroup section */

/* Begin XCBuildConfiguration section */
		E3571D322BA724A40092F249 /* Debug */ = {
			isa = XCBuildConfiguration;
			buildSettings = {
				ALWAYS_SEARCH_USER_PATHS = NO;
				ASSETCATALOG_COMPILER_GENERATE_SWIFT_ASSET_SYMBOL_EXTENSIONS = YES;
				CLANG_ANALYZER_NONNULL = YES;
				CLANG_ANALYZER_NUMBER_OBJECT_CONVERSION = YES_AGGRESSIVE;
				CLANG_CXX_LANGUAGE_STANDARD = "gnu++20";
				CLANG_ENABLE_MODULES = YES;
				CLANG_ENABLE_OBJC_ARC = YES;
				CLANG_ENABLE_OBJC_WEAK = YES;
				CLANG_WARN_BLOCK_CAPTURE_AUTORELEASING = YES;
				CLANG_WARN_BOOL_CONVERSION = YES;
				CLANG_WARN_COMMA = YES;
				CLANG_WARN_CONSTANT_CONVERSION = YES;
				CLANG_WARN_DEPRECATED_OBJC_IMPLEMENTATIONS = YES;
				CLANG_WARN_DIRECT_OBJC_ISA_USAGE = YES_ERROR;
				CLANG_WARN_DOCUMENTATION_COMMENTS = YES;
				CLANG_WARN_EMPTY_BODY = YES;
				CLANG_WARN_ENUM_CONVERSION = YES;
				CLANG_WARN_INFINITE_RECURSION = YES;
				CLANG_WARN_INT_CONVERSION = YES;
				CLANG_WARN_NON_LITERAL_NULL_CONVERSION = YES;
				CLANG_WARN_OBJC_IMPLICIT_RETAIN_SELF = YES;
				CLANG_WARN_OBJC_LITERAL_CONVERSION = YES;
				CLANG_WARN_OBJC_ROOT_CLASS = YES_ERROR;
				CLANG_WARN_QUOTED_INCLUDE_IN_FRAMEWORK_HEADER = YES;
				CLANG_WARN_RANGE_LOOP_ANALYSIS = YES;
				CLANG_WARN_STRICT_PROTOTYPES = YES;
				CLANG_WARN_SUSPICIOUS_MOVE = YES;
				CLANG_WARN_UNGUARDED_AVAILABILITY = YES_AGGRESSIVE;
				CLANG_WARN_UNREACHABLE_CODE = YES;
				CLANG_WARN__DUPLICATE_METHOD_MATCH = YES;
				COPY_PHASE_STRIP = NO;
				DEBUG_INFORMATION_FORMAT = dwarf;
				ENABLE_STRICT_OBJC_MSGSEND = YES;
				ENABLE_TESTABILITY = YES;
				ENABLE_USER_SCRIPT_SANDBOXING = YES;
				GCC_C_LANGUAGE_STANDARD = gnu17;
				GCC_DYNAMIC_NO_PIC = NO;
				GCC_NO_COMMON_BLOCKS = YES;
				GCC_OPTIMIZATION_LEVEL = 0;
				GCC_PREPROCESSOR_DEFINITIONS = (
					"DEBUG=1",
					"$(inherited)",
				);
				GCC_WARN_64_TO_32_BIT_CONVERSION = YES;
				GCC_WARN_ABOUT_RETURN_TYPE = YES_ERROR;
				GCC_WARN_UNDECLARED_SELECTOR = YES;
				GCC_WARN_UNINITIALIZED_AUTOS = YES_AGGRESSIVE;
				GCC_WARN_UNUSED_FUNCTION = YES;
				GCC_WARN_UNUSED_VARIABLE = YES;
				IPHONEOS_DEPLOYMENT_TARGET = 17.2;
				LOCALIZATION_PREFERS_STRING_CATALOGS = YES;
				MTL_ENABLE_DEBUG_INFO = INCLUDE_SOURCE;
				MTL_FAST_MATH = YES;
				ONLY_ACTIVE_ARCH = YES;
				SDKROOT = iphoneos;
				SWIFT_ACTIVE_COMPILATION_CONDITIONS = "DEBUG $(inherited)";
				SWIFT_OPTIMIZATION_LEVEL = "-Onone";
			};
			name = Debug;
		};
		E3571D332BA724A40092F249 /* Release */ = {
			isa = XCBuildConfiguration;
			buildSettings = {
				ALWAYS_SEARCH_USER_PATHS = NO;
				ASSETCATALOG_COMPILER_GENERATE_SWIFT_ASSET_SYMBOL_EXTENSIONS = YES;
				CLANG_ANALYZER_NONNULL = YES;
				CLANG_ANALYZER_NUMBER_OBJECT_CONVERSION = YES_AGGRESSIVE;
				CLANG_CXX_LANGUAGE_STANDARD = "gnu++20";
				CLANG_ENABLE_MODULES = YES;
				CLANG_ENABLE_OBJC_ARC = YES;
				CLANG_ENABLE_OBJC_WEAK = YES;
				CLANG_WARN_BLOCK_CAPTURE_AUTORELEASING = YES;
				CLANG_WARN_BOOL_CONVERSION = YES;
				CLANG_WARN_COMMA = YES;
				CLANG_WARN_CONSTANT_CONVERSION = YES;
				CLANG_WARN_DEPRECATED_OBJC_IMPLEMENTATIONS = YES;
				CLANG_WARN_DIRECT_OBJC_ISA_USAGE = YES_ERROR;
				CLANG_WARN_DOCUMENTATION_COMMENTS = YES;
				CLANG_WARN_EMPTY_BODY = YES;
				CLANG_WARN_ENUM_CONVERSION = YES;
				CLANG_WARN_INFINITE_RECURSION = YES;
				CLANG_WARN_INT_CONVERSION = YES;
				CLANG_WARN_NON_LITERAL_NULL_CONVERSION = YES;
				CLANG_WARN_OBJC_IMPLICIT_RETAIN_SELF = YES;
				CLANG_WARN_OBJC_LITERAL_CONVERSION = YES;
				CLANG_WARN_OBJC_ROOT_CLASS = YES_ERROR;
				CLANG_WARN_QUOTED_INCLUDE_IN_FRAMEWORK_HEADER = YES;
				CLANG_WARN_RANGE_LOOP_ANALYSIS = YES;
				CLANG_WARN_STRICT_PROTOTYPES = YES;
				CLANG_WARN_SUSPICIOUS_MOVE = YES;
				CLANG_WARN_UNGUARDED_AVAILABILITY = YES_AGGRESSIVE;
				CLANG_WARN_UNREACHABLE_CODE = YES;
				CLANG_WARN__DUPLICATE_METHOD_MATCH = YES;
				COPY_PHASE_STRIP = NO;
				DEBUG_INFORMATION_FORMAT = "dwarf-with-dsym";
				ENABLE_NS_ASSERTIONS = NO;
				ENABLE_STRICT_OBJC_MSGSEND = YES;
				ENABLE_USER_SCRIPT_SANDBOXING = YES;
				GCC_C_LANGUAGE_STANDARD = gnu17;
				GCC_NO_COMMON_BLOCKS = YES;
				GCC_WARN_64_TO_32_BIT_CONVERSION = YES;
				GCC_WARN_ABOUT_RETURN_TYPE = YES_ERROR;
				GCC_WARN_UNDECLARED_SELECTOR = YES;
				GCC_WARN_UNINITIALIZED_AUTOS = YES_AGGRESSIVE;
				GCC_WARN_UNUSED_FUNCTION = YES;
				GCC_WARN_UNUSED_VARIABLE = YES;
				IPHONEOS_DEPLOYMENT_TARGET = 17.2;
				LOCALIZATION_PREFERS_STRING_CATALOGS = YES;
				MTL_ENABLE_DEBUG_INFO = NO;
				MTL_FAST_MATH = YES;
				SDKROOT = iphoneos;
				SWIFT_COMPILATION_MODE = wholemodule;
				VALIDATE_PRODUCT = YES;
			};
			name = Release;
		};
		E3571D352BA724A40092F249 /* Debug */ = {
			isa = XCBuildConfiguration;
			buildSettings = {
				ASSETCATALOG_COMPILER_APPICON_NAME = AppIcon;
				ASSETCATALOG_COMPILER_GLOBAL_ACCENT_COLOR_NAME = AccentColor;
				CODE_SIGN_STYLE = Automatic;
				CURRENT_PROJECT_VERSION = 1;
				DEVELOPMENT_TEAM = FB7Y8XZHL8;
				GENERATE_INFOPLIST_FILE = YES;
				INFOPLIST_FILE = LiveChat/Supports/Info.plist;
				INFOPLIST_KEY_UIApplicationSupportsIndirectInputEvents = YES;
				INFOPLIST_KEY_UILaunchStoryboardName = LaunchScreen;
				INFOPLIST_KEY_UISupportedInterfaceOrientations_iPad = "UIInterfaceOrientationPortrait UIInterfaceOrientationPortraitUpsideDown UIInterfaceOrientationLandscapeLeft UIInterfaceOrientationLandscapeRight";
				INFOPLIST_KEY_UISupportedInterfaceOrientations_iPhone = "UIInterfaceOrientationPortrait UIInterfaceOrientationLandscapeLeft UIInterfaceOrientationLandscapeRight";
				LD_RUNPATH_SEARCH_PATHS = (
					"$(inherited)",
					"@executable_path/Frameworks",
				);
				MARKETING_VERSION = 1.0;
				PRODUCT_BUNDLE_IDENTIFIER = com.elifbeyza.LiveChat;
				PRODUCT_NAME = "$(TARGET_NAME)";
				SWIFT_EMIT_LOC_STRINGS = YES;
				SWIFT_VERSION = 5.0;
				TARGETED_DEVICE_FAMILY = "1,2";
			};
			name = Debug;
		};
		E3571D362BA724A40092F249 /* Release */ = {
			isa = XCBuildConfiguration;
			buildSettings = {
				ASSETCATALOG_COMPILER_APPICON_NAME = AppIcon;
				ASSETCATALOG_COMPILER_GLOBAL_ACCENT_COLOR_NAME = AccentColor;
				CODE_SIGN_STYLE = Automatic;
				CURRENT_PROJECT_VERSION = 1;
				DEVELOPMENT_TEAM = FB7Y8XZHL8;
				GENERATE_INFOPLIST_FILE = YES;
				INFOPLIST_FILE = LiveChat/Supports/Info.plist;
				INFOPLIST_KEY_UIApplicationSupportsIndirectInputEvents = YES;
				INFOPLIST_KEY_UILaunchStoryboardName = LaunchScreen;
				INFOPLIST_KEY_UISupportedInterfaceOrientations_iPad = "UIInterfaceOrientationPortrait UIInterfaceOrientationPortraitUpsideDown UIInterfaceOrientationLandscapeLeft UIInterfaceOrientationLandscapeRight";
				INFOPLIST_KEY_UISupportedInterfaceOrientations_iPhone = "UIInterfaceOrientationPortrait UIInterfaceOrientationLandscapeLeft UIInterfaceOrientationLandscapeRight";
				LD_RUNPATH_SEARCH_PATHS = (
					"$(inherited)",
					"@executable_path/Frameworks",
				);
				MARKETING_VERSION = 1.0;
				PRODUCT_BUNDLE_IDENTIFIER = com.elifbeyza.LiveChat;
				PRODUCT_NAME = "$(TARGET_NAME)";
				SWIFT_EMIT_LOC_STRINGS = YES;
				SWIFT_VERSION = 5.0;
				TARGETED_DEVICE_FAMILY = "1,2";
			};
			name = Release;
		};
/* End XCBuildConfiguration section */

/* Begin XCConfigurationList section */
		E3571D1B2BA724A20092F249 /* Build configuration list for PBXProject "LiveChat" */ = {
			isa = XCConfigurationList;
			buildConfigurations = (
				E3571D322BA724A40092F249 /* Debug */,
				E3571D332BA724A40092F249 /* Release */,
			);
			defaultConfigurationIsVisible = 0;
			defaultConfigurationName = Release;
		};
		E3571D342BA724A40092F249 /* Build configuration list for PBXNativeTarget "LiveChat" */ = {
			isa = XCConfigurationList;
			buildConfigurations = (
				E3571D352BA724A40092F249 /* Debug */,
				E3571D362BA724A40092F249 /* Release */,
			);
			defaultConfigurationIsVisible = 0;
			defaultConfigurationName = Release;
		};
/* End XCConfigurationList section */

/* Begin XCRemoteSwiftPackageReference section */
		E3722ACB2C00DECF005F8AD1 /* XCRemoteSwiftPackageReference "MessageKit" */ = {
			isa = XCRemoteSwiftPackageReference;
			repositoryURL = "https://github.com/MessageKit/MessageKit";
			requirement = {
				kind = upToNextMajorVersion;
				minimumVersion = 4.2.0;
			};
		};
		E39379872BE2A02700B0FFFE /* XCRemoteSwiftPackageReference "firebase-ios-sdk" */ = {
			isa = XCRemoteSwiftPackageReference;
			repositoryURL = "https://github.com/firebase/firebase-ios-sdk";
			requirement = {
				kind = upToNextMajorVersion;
				minimumVersion = 10.25.0;
			};
		};
/* End XCRemoteSwiftPackageReference section */

/* Begin XCSwiftPackageProductDependency section */
		E3722ACC2C00DECF005F8AD1 /* MessageKit */ = {
			isa = XCSwiftPackageProductDependency;
			package = E3722ACB2C00DECF005F8AD1 /* XCRemoteSwiftPackageReference "MessageKit" */;
			productName = MessageKit;
		};
		E39379882BE2A02700B0FFFE /* FirebaseAnalytics */ = {
			isa = XCSwiftPackageProductDependency;
			package = E39379872BE2A02700B0FFFE /* XCRemoteSwiftPackageReference "firebase-ios-sdk" */;
			productName = FirebaseAnalytics;
		};
		E393798A2BE2A02700B0FFFE /* FirebaseAnalyticsSwift */ = {
			isa = XCSwiftPackageProductDependency;
			package = E39379872BE2A02700B0FFFE /* XCRemoteSwiftPackageReference "firebase-ios-sdk" */;
			productName = FirebaseAnalyticsSwift;
		};
		E393798C2BE2A02700B0FFFE /* FirebaseAuth */ = {
			isa = XCSwiftPackageProductDependency;
			package = E39379872BE2A02700B0FFFE /* XCRemoteSwiftPackageReference "firebase-ios-sdk" */;
			productName = FirebaseAuth;
		};
		E393798E2BE2A02700B0FFFE /* FirebaseDatabase */ = {
			isa = XCSwiftPackageProductDependency;
			package = E39379872BE2A02700B0FFFE /* XCRemoteSwiftPackageReference "firebase-ios-sdk" */;
			productName = FirebaseDatabase;
		};
		E39379902BE2A02700B0FFFE /* FirebaseFirestore */ = {
			isa = XCSwiftPackageProductDependency;
			package = E39379872BE2A02700B0FFFE /* XCRemoteSwiftPackageReference "firebase-ios-sdk" */;
			productName = FirebaseFirestore;
		};
		E39379922BE2A02700B0FFFE /* FirebaseInAppMessagingSwift-Beta */ = {
			isa = XCSwiftPackageProductDependency;
			package = E39379872BE2A02700B0FFFE /* XCRemoteSwiftPackageReference "firebase-ios-sdk" */;
			productName = "FirebaseInAppMessagingSwift-Beta";
		};
		E39379942BE2A02700B0FFFE /* FirebaseMessaging */ = {
			isa = XCSwiftPackageProductDependency;
			package = E39379872BE2A02700B0FFFE /* XCRemoteSwiftPackageReference "firebase-ios-sdk" */;
			productName = FirebaseMessaging;
		};
		E39379962BE2A02700B0FFFE /* FirebaseStorage */ = {
			isa = XCSwiftPackageProductDependency;
			package = E39379872BE2A02700B0FFFE /* XCRemoteSwiftPackageReference "firebase-ios-sdk" */;
			productName = FirebaseStorage;
		};
/* End XCSwiftPackageProductDependency section */
	};
	rootObject = E3571D182BA724A20092F249 /* Project object */;
}
